
Microsoft Visual Studio Solution File, Format Version 12.00
# Visual Studio Version 17
VisualStudioVersion = 17.9.34616.47
MinimumVisualStudioVersion = 10.0.40219.1
Project("{FAE04EC0-301F-11D3-BF4B-00C04F79EFBC}") = "Project", "Project.csproj", "{749FDCC7-D595-40C9-97F7-49EDEE1F1F68}"
EndProject
Global
	GlobalSection(SolutionConfigurationPlatforms) = preSolution
		Debug|Any CPU = Debug|Any CPU
		Release|Any CPU = Release|Any CPU
	EndGlobalSection
	GlobalSection(ProjectConfigurationPlatforms) = postSolution
		{749FDCC7-D595-40C9-97F7-49EDEE1F1F68}.Debug|Any CPU.ActiveCfg = Debug|Any CPU
		{749FDCC7-D595-40C9-97F7-49EDEE1F1F68}.Debug|Any CPU.Build.0 = Debug|Any CPU
		{749FDCC7-D595-40C9-97F7-49EDEE1F1F68}.Release|Any CPU.ActiveCfg = Release|Any CPU
		{749FDCC7-D595-40C9-97F7-49EDEE1F1F68}.Release|Any CPU.Build.0 = Release|Any CPU
	EndGlobalSection
	GlobalSection(SolutionProperties) = preSolution
		HideSolutionNode = FALSE
	EndGlobalSection
	GlobalSection(ExtensibilityGlobals) = postSolution
		SolutionGuid = {70062EA0-A58F-4980-A650-E20FB20E4B62}
	EndGlobalSection
EndGlobal
