
Microsoft Visual Studio Solution File, Format Version 12.00
# Visual Studio Version 17
VisualStudioVersion = 17.9.34616.47
MinimumVisualStudioVersion = 10.0.40219.1
Project("{FAE04EC0-301F-11D3-BF4B-00C04F79EFBC}") = "task3", "task3.csproj", "{0CA94685-EF5A-47B8-8D81-3D2F6AADF18D}"
EndProject
Global
	GlobalSection(SolutionConfigurationPlatforms) = preSolution
		Debug|Any CPU = Debug|Any CPU
		Release|Any CPU = Release|Any CPU
	EndGlobalSection
	GlobalSection(ProjectConfigurationPlatforms) = postSolution
		{0CA94685-EF5A-47B8-8D81-3D2F6AADF18D}.Debug|Any CPU.ActiveCfg = Debug|Any CPU
		{0CA94685-EF5A-47B8-8D81-3D2F6AADF18D}.Debug|Any CPU.Build.0 = Debug|Any CPU
		{0CA94685-EF5A-47B8-8D81-3D2F6AADF18D}.Release|Any CPU.ActiveCfg = Release|Any CPU
		{0CA94685-EF5A-47B8-8D81-3D2F6AADF18D}.Release|Any CPU.Build.0 = Release|Any CPU
	EndGlobalSection
	GlobalSection(SolutionProperties) = preSolution
		HideSolutionNode = FALSE
	EndGlobalSection
	GlobalSection(ExtensibilityGlobals) = postSolution
		SolutionGuid = {4D1F0619-DCE8-4FFC-B9CC-E105CF165BB2}
	EndGlobalSection
EndGlobal
