
Microsoft Visual Studio Solution File, Format Version 12.00
# Visual Studio Version 17
VisualStudioVersion = 17.9.34616.47
MinimumVisualStudioVersion = 10.0.40219.1
Project("{FAE04EC0-301F-11D3-BF4B-00C04F79EFBC}") = "QuestionHalqe", "QuestionHalqe.csproj", "{3EC57F4E-BF44-49A6-9EFB-7D0DE3418408}"
EndProject
Global
	GlobalSection(SolutionConfigurationPlatforms) = preSolution
		Debug|Any CPU = Debug|Any CPU
		Release|Any CPU = Release|Any CPU
	EndGlobalSection
	GlobalSection(ProjectConfigurationPlatforms) = postSolution
		{3EC57F4E-BF44-49A6-9EFB-7D0DE3418408}.Debug|Any CPU.ActiveCfg = Debug|Any CPU
		{3EC57F4E-BF44-49A6-9EFB-7D0DE3418408}.Debug|Any CPU.Build.0 = Debug|Any CPU
		{3EC57F4E-BF44-49A6-9EFB-7D0DE3418408}.Release|Any CPU.ActiveCfg = Release|Any CPU
		{3EC57F4E-BF44-49A6-9EFB-7D0DE3418408}.Release|Any CPU.Build.0 = Release|Any CPU
	EndGlobalSection
	GlobalSection(SolutionProperties) = preSolution
		HideSolutionNode = FALSE
	EndGlobalSection
	GlobalSection(ExtensibilityGlobals) = postSolution
		SolutionGuid = {2C270AFE-14AA-4D28-8BE7-3421EDF7ECB1}
	EndGlobalSection
EndGlobal
